
Microsoft Visual Studio Solution File, Format Version 12.00
# Visual Studio Version 16
VisualStudioVersion = 16.0.29613.14
MinimumVisualStudioVersion = 10.0.40219.1
Project("{FAE04EC0-301F-11D3-BF4B-00C04F79EFBC}") = "alexander-neumann.api", "alexander-neumann.api.csproj", "{57230FA0-D4B5-4216-BCA9-B477696D4186}"
EndProject
Global
	GlobalSection(SolutionConfigurationPlatforms) = preSolution
		Debug|Any CPU = Debug|Any CPU
		Release|Any CPU = Release|Any CPU
	EndGlobalSection
	GlobalSection(ProjectConfigurationPlatforms) = postSolution
		{57230FA0-D4B5-4216-BCA9-B477696D4186}.Debug|Any CPU.ActiveCfg = Debug|Any CPU
		{57230FA0-D4B5-4216-BCA9-B477696D4186}.Debug|Any CPU.Build.0 = Debug|Any CPU
		{57230FA0-D4B5-4216-BCA9-B477696D4186}.Release|Any CPU.ActiveCfg = Release|Any CPU
		{57230FA0-D4B5-4216-BCA9-B477696D4186}.Release|Any CPU.Build.0 = Release|Any CPU
	EndGlobalSection
	GlobalSection(SolutionProperties) = preSolution
		HideSolutionNode = FALSE
	EndGlobalSection
	GlobalSection(ExtensibilityGlobals) = postSolution
		SolutionGuid = {B43D5080-42FC-4D2B-9CFA-505904BF8750}
	EndGlobalSection
EndGlobal
